
Microsoft Visual Studio Solution File, Format Version 12.00
# Visual Studio Version 16
VisualStudioVersion = 16.0.30413.136
MinimumVisualStudioVersion = 10.0.40219.1
Project("{2150E333-8FDC-42A3-9474-1A3956D46DE8}") = "Microservices", "Microservices", "{1A11D99B-7262-431B-A094-CB0AAF308FDD}"
EndProject
Project("{2150E333-8FDC-42A3-9474-1A3956D46DE8}") = "Domain", "Domain", "{39A59688-4D03-4B80-AFEE-6109245B831A}"
EndProject
Project("{2150E333-8FDC-42A3-9474-1A3956D46DE8}") = "Infra.Bus", "Infra.Bus", "{1BB0FC72-5E97-424A-A7A8-2E3AF34EB6CF}"
EndProject
Project("{2150E333-8FDC-42A3-9474-1A3956D46DE8}") = "Infra.IoC", "Infra.IoC", "{14997404-E2A2-4CCF-B82E-36D5C1651C4C}"
EndProject
Project("{2150E333-8FDC-42A3-9474-1A3956D46DE8}") = "Presentation", "Presentation", "{2C8B6FA6-931C-4EC6-8C4C-1E99A90E58F4}"
EndProject
Project("{9A19103F-16F7-4668-BE54-9A1E7A4F7556}") = "MicroRabbit.Domain.Core", "MicroRabbit.Domain.Core\MicroRabbit.Domain.Core.csproj", "{974770CF-6A52-4D0B-93B7-0E8F210F2836}"
EndProject
Project("{9A19103F-16F7-4668-BE54-9A1E7A4F7556}") = "MicroRabbit.Infra.Bus", "MicroRabbit.Infra.Bus\MicroRabbit.Infra.Bus.csproj", "{02442E05-1B45-4B83-83D0-6ED1B816B8FE}"
EndProject
Project("{9A19103F-16F7-4668-BE54-9A1E7A4F7556}") = "MicroRabbit.Infra.IoC", "MicroRabbit.Infra.IoC\MicroRabbit.Infra.IoC.csproj", "{9047B304-3B34-4F4D-924B-AE100D35599F}"
EndProject
Project("{2150E333-8FDC-42A3-9474-1A3956D46DE8}") = "Banking", "Banking", "{52F4EC88-6875-4EBB-89D9-BB90C8658252}"
EndProject
Project("{2150E333-8FDC-42A3-9474-1A3956D46DE8}") = "Api", "Api", "{0520A00D-78CE-4ACF-A9BD-F43E5448F966}"
EndProject
Project("{2150E333-8FDC-42A3-9474-1A3956D46DE8}") = "Domain", "Domain", "{83ED241D-9F82-4700-9937-A7499AA3B562}"
EndProject
Project("{2150E333-8FDC-42A3-9474-1A3956D46DE8}") = "Application", "Application", "{C1F82875-0F5B-4754-93D8-8EB59C253DA9}"
EndProject
Project("{2150E333-8FDC-42A3-9474-1A3956D46DE8}") = "Data", "Data", "{9C50E854-6C20-4FAE-91C5-637B10CC5603}"
EndProject
Project("{9A19103F-16F7-4668-BE54-9A1E7A4F7556}") = "MicroRabbit.Banking.Api", "MicroRabbit.Banking.Api\MicroRabbit.Banking.Api.csproj", "{EA2C801B-0466-426B-A1EA-88AD7EA35100}"
EndProject
Project("{9A19103F-16F7-4668-BE54-9A1E7A4F7556}") = "MicroRabbit.Banking.Application", "MicroRabbit.Banking.Application\MicroRabbit.Banking.Application.csproj", "{7C6B2ED9-7639-4B92-A13E-3F48F61CA97A}"
EndProject
Project("{9A19103F-16F7-4668-BE54-9A1E7A4F7556}") = "MicroRabbit.Banking.Data", "MicroRabbit.Banking.Data\MicroRabbit.Banking.Data.csproj", "{76CA3A0D-E82B-47A4-BCE8-112AC5A622B1}"
EndProject
Project("{9A19103F-16F7-4668-BE54-9A1E7A4F7556}") = "MicroRabbit.Banking.Domain", "MicroRabbit.Banking.Domain\MicroRabbit.Banking.Domain.csproj", "{4F6FB1A7-0AF6-4EEF-A990-92C6DBF9EB95}"
EndProject
Global
	GlobalSection(SolutionConfigurationPlatforms) = preSolution
		Debug|Any CPU = Debug|Any CPU
		Release|Any CPU = Release|Any CPU
	EndGlobalSection
	GlobalSection(ProjectConfigurationPlatforms) = postSolution
		{974770CF-6A52-4D0B-93B7-0E8F210F2836}.Debug|Any CPU.ActiveCfg = Debug|Any CPU
		{974770CF-6A52-4D0B-93B7-0E8F210F2836}.Debug|Any CPU.Build.0 = Debug|Any CPU
		{974770CF-6A52-4D0B-93B7-0E8F210F2836}.Release|Any CPU.ActiveCfg = Release|Any CPU
		{974770CF-6A52-4D0B-93B7-0E8F210F2836}.Release|Any CPU.Build.0 = Release|Any CPU
		{02442E05-1B45-4B83-83D0-6ED1B816B8FE}.Debug|Any CPU.ActiveCfg = Debug|Any CPU
		{02442E05-1B45-4B83-83D0-6ED1B816B8FE}.Debug|Any CPU.Build.0 = Debug|Any CPU
		{02442E05-1B45-4B83-83D0-6ED1B816B8FE}.Release|Any CPU.ActiveCfg = Release|Any CPU
		{02442E05-1B45-4B83-83D0-6ED1B816B8FE}.Release|Any CPU.Build.0 = Release|Any CPU
		{9047B304-3B34-4F4D-924B-AE100D35599F}.Debug|Any CPU.ActiveCfg = Debug|Any CPU
		{9047B304-3B34-4F4D-924B-AE100D35599F}.Debug|Any CPU.Build.0 = Debug|Any CPU
		{9047B304-3B34-4F4D-924B-AE100D35599F}.Release|Any CPU.ActiveCfg = Release|Any CPU
		{9047B304-3B34-4F4D-924B-AE100D35599F}.Release|Any CPU.Build.0 = Release|Any CPU
		{EA2C801B-0466-426B-A1EA-88AD7EA35100}.Debug|Any CPU.ActiveCfg = Debug|Any CPU
		{EA2C801B-0466-426B-A1EA-88AD7EA35100}.Debug|Any CPU.Build.0 = Debug|Any CPU
		{EA2C801B-0466-426B-A1EA-88AD7EA35100}.Release|Any CPU.ActiveCfg = Release|Any CPU
		{EA2C801B-0466-426B-A1EA-88AD7EA35100}.Release|Any CPU.Build.0 = Release|Any CPU
		{7C6B2ED9-7639-4B92-A13E-3F48F61CA97A}.Debug|Any CPU.ActiveCfg = Debug|Any CPU
		{7C6B2ED9-7639-4B92-A13E-3F48F61CA97A}.Debug|Any CPU.Build.0 = Debug|Any CPU
		{7C6B2ED9-7639-4B92-A13E-3F48F61CA97A}.Release|Any CPU.ActiveCfg = Release|Any CPU
		{7C6B2ED9-7639-4B92-A13E-3F48F61CA97A}.Release|Any CPU.Build.0 = Release|Any CPU
		{76CA3A0D-E82B-47A4-BCE8-112AC5A622B1}.Debug|Any CPU.ActiveCfg = Debug|Any CPU
		{76CA3A0D-E82B-47A4-BCE8-112AC5A622B1}.Debug|Any CPU.Build.0 = Debug|Any CPU
		{76CA3A0D-E82B-47A4-BCE8-112AC5A622B1}.Release|Any CPU.ActiveCfg = Release|Any CPU
		{76CA3A0D-E82B-47A4-BCE8-112AC5A622B1}.Release|Any CPU.Build.0 = Release|Any CPU
		{4F6FB1A7-0AF6-4EEF-A990-92C6DBF9EB95}.Debug|Any CPU.ActiveCfg = Debug|Any CPU
		{4F6FB1A7-0AF6-4EEF-A990-92C6DBF9EB95}.Debug|Any CPU.Build.0 = Debug|Any CPU
		{4F6FB1A7-0AF6-4EEF-A990-92C6DBF9EB95}.Release|Any CPU.ActiveCfg = Release|Any CPU
		{4F6FB1A7-0AF6-4EEF-A990-92C6DBF9EB95}.Release|Any CPU.Build.0 = Release|Any CPU
	EndGlobalSection
	GlobalSection(SolutionProperties) = preSolution
		HideSolutionNode = FALSE
	EndGlobalSection
	GlobalSection(NestedProjects) = preSolution
		{974770CF-6A52-4D0B-93B7-0E8F210F2836} = {39A59688-4D03-4B80-AFEE-6109245B831A}
		{02442E05-1B45-4B83-83D0-6ED1B816B8FE} = {1BB0FC72-5E97-424A-A7A8-2E3AF34EB6CF}
		{9047B304-3B34-4F4D-924B-AE100D35599F} = {14997404-E2A2-4CCF-B82E-36D5C1651C4C}
		{52F4EC88-6875-4EBB-89D9-BB90C8658252} = {1A11D99B-7262-431B-A094-CB0AAF308FDD}
		{0520A00D-78CE-4ACF-A9BD-F43E5448F966} = {52F4EC88-6875-4EBB-89D9-BB90C8658252}
		{83ED241D-9F82-4700-9937-A7499AA3B562} = {52F4EC88-6875-4EBB-89D9-BB90C8658252}
		{C1F82875-0F5B-4754-93D8-8EB59C253DA9} = {52F4EC88-6875-4EBB-89D9-BB90C8658252}
		{9C50E854-6C20-4FAE-91C5-637B10CC5603} = {52F4EC88-6875-4EBB-89D9-BB90C8658252}
		{EA2C801B-0466-426B-A1EA-88AD7EA35100} = {0520A00D-78CE-4ACF-A9BD-F43E5448F966}
		{7C6B2ED9-7639-4B92-A13E-3F48F61CA97A} = {C1F82875-0F5B-4754-93D8-8EB59C253DA9}
		{76CA3A0D-E82B-47A4-BCE8-112AC5A622B1} = {9C50E854-6C20-4FAE-91C5-637B10CC5603}
		{4F6FB1A7-0AF6-4EEF-A990-92C6DBF9EB95} = {83ED241D-9F82-4700-9937-A7499AA3B562}
	EndGlobalSection
	GlobalSection(ExtensibilityGlobals) = postSolution
		SolutionGuid = {297065F3-F093-4C52-A5EF-C00ECDA4AF84}
	EndGlobalSection
EndGlobal
