
Microsoft Visual Studio Solution File, Format Version 12.00
# Visual Studio Version 16
VisualStudioVersion = 16.0.30413.136
MinimumVisualStudioVersion = 10.0.40219.1
Project("{2150E333-8FDC-42A3-9474-1A3956D46DE8}") = "Microservices", "Microservices", "{1A11D99B-7262-431B-A094-CB0AAF308FDD}"
EndProject
Project("{2150E333-8FDC-42A3-9474-1A3956D46DE8}") = "Domain", "Domain", "{39A59688-4D03-4B80-AFEE-6109245B831A}"
EndProject
Project("{2150E333-8FDC-42A3-9474-1A3956D46DE8}") = "Infra.Bus", "Infra.Bus", "{1BB0FC72-5E97-424A-A7A8-2E3AF34EB6CF}"
EndProject
Project("{2150E333-8FDC-42A3-9474-1A3956D46DE8}") = "Infra.IoC", "Infra.IoC", "{14997404-E2A2-4CCF-B82E-36D5C1651C4C}"
EndProject
Project("{2150E333-8FDC-42A3-9474-1A3956D46DE8}") = "Presentation", "Presentation", "{2C8B6FA6-931C-4EC6-8C4C-1E99A90E58F4}"
EndProject
Project("{FAE04EC0-301F-11D3-BF4B-00C04F79EFBC}") = "MicroRabbit.Domain.Core", "MicroRabbit.Domain.Core\MicroRabbit.Domain.Core.csproj", "{974770CF-6A52-4D0B-93B7-0E8F210F2836}"
EndProject
Project("{FAE04EC0-301F-11D3-BF4B-00C04F79EFBC}") = "MicroRabbit.Infra.Bus", "MicroRabbit.Infra.Bus\MicroRabbit.Infra.Bus.csproj", "{02442E05-1B45-4B83-83D0-6ED1B816B8FE}"
EndProject
Global
	GlobalSection(SolutionConfigurationPlatforms) = preSolution
		Debug|Any CPU = Debug|Any CPU
		Release|Any CPU = Release|Any CPU
	EndGlobalSection
	GlobalSection(ProjectConfigurationPlatforms) = postSolution
		{974770CF-6A52-4D0B-93B7-0E8F210F2836}.Debug|Any CPU.ActiveCfg = Debug|Any CPU
		{974770CF-6A52-4D0B-93B7-0E8F210F2836}.Debug|Any CPU.Build.0 = Debug|Any CPU
		{974770CF-6A52-4D0B-93B7-0E8F210F2836}.Release|Any CPU.ActiveCfg = Release|Any CPU
		{974770CF-6A52-4D0B-93B7-0E8F210F2836}.Release|Any CPU.Build.0 = Release|Any CPU
		{02442E05-1B45-4B83-83D0-6ED1B816B8FE}.Debug|Any CPU.ActiveCfg = Debug|Any CPU
		{02442E05-1B45-4B83-83D0-6ED1B816B8FE}.Debug|Any CPU.Build.0 = Debug|Any CPU
		{02442E05-1B45-4B83-83D0-6ED1B816B8FE}.Release|Any CPU.ActiveCfg = Release|Any CPU
		{02442E05-1B45-4B83-83D0-6ED1B816B8FE}.Release|Any CPU.Build.0 = Release|Any CPU
	EndGlobalSection
	GlobalSection(SolutionProperties) = preSolution
		HideSolutionNode = FALSE
	EndGlobalSection
	GlobalSection(NestedProjects) = preSolution
		{974770CF-6A52-4D0B-93B7-0E8F210F2836} = {39A59688-4D03-4B80-AFEE-6109245B831A}
		{02442E05-1B45-4B83-83D0-6ED1B816B8FE} = {1BB0FC72-5E97-424A-A7A8-2E3AF34EB6CF}
	EndGlobalSection
	GlobalSection(ExtensibilityGlobals) = postSolution
		SolutionGuid = {297065F3-F093-4C52-A5EF-C00ECDA4AF84}
	EndGlobalSection
EndGlobal
